
Microsoft Visual Studio Solution File, Format Version 12.00
# Visual Studio 15
VisualStudioVersion = 15.0.26020.0
MinimumVisualStudioVersion = 10.0.40219.1
Project("{9A19103F-16F7-4668-BE54-9A1E7A4F7556}") = "BitThicket.DotNet.ScriptTool", "src\BitThicket.DotNet.ScriptTool\BitThicket.DotNet.ScriptTool.csproj", "{56C8BE0E-D144-453E-B15D-B1415241228A}"
EndProject
Project("{2150E333-8FDC-42A3-9474-1A3956D46DE8}") = "_root", "_root", "{08F5FFCC-3477-4769-A862-F3A863290F81}"
	ProjectSection(SolutionItems) = preProject
		global.json = global.json
		NuGet.config = NuGet.config
	EndProjectSection
EndProject
Global
	GlobalSection(SolutionConfigurationPlatforms) = preSolution
		Debug|Any CPU = Debug|Any CPU
		Debug|x64 = Debug|x64
		Debug|x86 = Debug|x86
		Release|Any CPU = Release|Any CPU
		Release|x64 = Release|x64
		Release|x86 = Release|x86
	EndGlobalSection
	GlobalSection(ProjectConfigurationPlatforms) = postSolution
		{56C8BE0E-D144-453E-B15D-B1415241228A}.Debug|Any CPU.ActiveCfg = Debug|Any CPU
		{56C8BE0E-D144-453E-B15D-B1415241228A}.Debug|Any CPU.Build.0 = Debug|Any CPU
		{56C8BE0E-D144-453E-B15D-B1415241228A}.Debug|x64.ActiveCfg = Debug|x64
		{56C8BE0E-D144-453E-B15D-B1415241228A}.Debug|x64.Build.0 = Debug|x64
		{56C8BE0E-D144-453E-B15D-B1415241228A}.Debug|x86.ActiveCfg = Debug|x86
		{56C8BE0E-D144-453E-B15D-B1415241228A}.Debug|x86.Build.0 = Debug|x86
		{56C8BE0E-D144-453E-B15D-B1415241228A}.Release|Any CPU.ActiveCfg = Release|Any CPU
		{56C8BE0E-D144-453E-B15D-B1415241228A}.Release|Any CPU.Build.0 = Release|Any CPU
		{56C8BE0E-D144-453E-B15D-B1415241228A}.Release|x64.ActiveCfg = Release|x64
		{56C8BE0E-D144-453E-B15D-B1415241228A}.Release|x64.Build.0 = Release|x64
		{56C8BE0E-D144-453E-B15D-B1415241228A}.Release|x86.ActiveCfg = Release|x86
		{56C8BE0E-D144-453E-B15D-B1415241228A}.Release|x86.Build.0 = Release|x86
	EndGlobalSection
	GlobalSection(SolutionProperties) = preSolution
		HideSolutionNode = FALSE
	EndGlobalSection
EndGlobal
